// !$*UTF8*$!
{
	archiveVersion = 1;
	classes = {
	};
	objectVersion = 46;
	objects = {

/* Begin PBXBuildFile section */
		96368A8B1946117D00E03E56 /* Foundation.framework in Frameworks */ = {isa = PBXBuildFile; fileRef = 96368A8A1946117D00E03E56 /* Foundation.framework */; };
		96368A8D1946117D00E03E56 /* CoreGraphics.framework in Frameworks */ = {isa = PBXBuildFile; fileRef = 96368A8C1946117D00E03E56 /* CoreGraphics.framework */; };
		96368A8F1946117D00E03E56 /* UIKit.framework in Frameworks */ = {isa = PBXBuildFile; fileRef = 96368A8E1946117D00E03E56 /* UIKit.framework */; };
		96368A951946117D00E03E56 /* InfoPlist.strings in Resources */ = {isa = PBXBuildFile; fileRef = 96368A931946117D00E03E56 /* InfoPlist.strings */; };
		96368A971946117D00E03E56 /* main.m in Sources */ = {isa = PBXBuildFile; fileRef = 96368A961946117D00E03E56 /* main.m */; };
		96368A9B1946117D00E03E56 /* SHAppDelegate.m in Sources */ = {isa = PBXBuildFile; fileRef = 96368A9A1946117D00E03E56 /* SHAppDelegate.m */; };
		96368A9D1946117D00E03E56 /* Images.xcassets in Resources */ = {isa = PBXBuildFile; fileRef = 96368A9C1946117D00E03E56 /* Images.xcassets */; };
		96368AA41946117D00E03E56 /* XCTest.framework in Frameworks */ = {isa = PBXBuildFile; fileRef = 96368AA31946117D00E03E56 /* XCTest.framework */; };
		96368AA51946117D00E03E56 /* Foundation.framework in Frameworks */ = {isa = PBXBuildFile; fileRef = 96368A8A1946117D00E03E56 /* Foundation.framework */; };
		96368AA61946117D00E03E56 /* UIKit.framework in Frameworks */ = {isa = PBXBuildFile; fileRef = 96368A8E1946117D00E03E56 /* UIKit.framework */; };
		96368AAE1946117D00E03E56 /* InfoPlist.strings in Resources */ = {isa = PBXBuildFile; fileRef = 96368AAC1946117D00E03E56 /* InfoPlist.strings */; };
		96368AB01946117D00E03E56 /* GeneralLayoutTests.m in Sources */ = {isa = PBXBuildFile; fileRef = 96368AAF1946117D00E03E56 /* GeneralLayoutTests.m */; };
		96368ABB1946119100E03E56 /* SHGeneralViewController.m in Sources */ = {isa = PBXBuildFile; fileRef = 96368ABA1946119100E03E56 /* SHGeneralViewController.m */; };
		96368ABD194611BD00E03E56 /* Podfile in Resources */ = {isa = PBXBuildFile; fileRef = 96368ABC194611BD00E03E56 /* Podfile */; };
		96A295841946247A00814968 /* SHSegmentedViewController.m in Sources */ = {isa = PBXBuildFile; fileRef = 96A295831946247A00814968 /* SHSegmentedViewController.m */; };
		E15939A5C85E49E48083DB86 /* libPods.a in Frameworks */ = {isa = PBXBuildFile; fileRef = EE359B2746164E06A5D918C0 /* libPods.a */; };
/* End PBXBuildFile section */

/* Begin PBXContainerItemProxy section */
		96368AA71946117D00E03E56 /* PBXContainerItemProxy */ = {
			isa = PBXContainerItemProxy;
			containerPortal = 96368A7F1946117D00E03E56 /* Project object */;
			proxyType = 1;
			remoteGlobalIDString = 96368A861946117D00E03E56;
			remoteInfo = GeneralLayout;
		};
/* End PBXContainerItemProxy section */

/* Begin PBXFileReference section */
		96368A871946117D00E03E56 /* GeneralLayout.app */ = {isa = PBXFileReference; explicitFileType = wrapper.application; includeInIndex = 0; path = GeneralLayout.app; sourceTree = BUILT_PRODUCTS_DIR; };
		96368A8A1946117D00E03E56 /* Foundation.framework */ = {isa = PBXFileReference; lastKnownFileType = wrapper.framework; name = Foundation.framework; path = System/Library/Frameworks/Foundation.framework; sourceTree = SDKROOT; };
		96368A8C1946117D00E03E56 /* CoreGraphics.framework */ = {isa = PBXFileReference; lastKnownFileType = wrapper.framework; name = CoreGraphics.framework; path = System/Library/Frameworks/CoreGraphics.framework; sourceTree = SDKROOT; };
		96368A8E1946117D00E03E56 /* UIKit.framework */ = {isa = PBXFileReference; lastKnownFileType = wrapper.framework; name = UIKit.framework; path = System/Library/Frameworks/UIKit.framework; sourceTree = SDKROOT; };
		96368A921946117D00E03E56 /* GeneralLayout-Info.plist */ = {isa = PBXFileReference; lastKnownFileType = text.plist.xml; path = "GeneralLayout-Info.plist"; sourceTree = "<group>"; };
		96368A941946117D00E03E56 /* en */ = {isa = PBXFileReference; lastKnownFileType = text.plist.strings; name = en; path = en.lproj/InfoPlist.strings; sourceTree = "<group>"; };
		96368A961946117D00E03E56 /* main.m */ = {isa = PBXFileReference; lastKnownFileType = sourcecode.c.objc; path = main.m; sourceTree = "<group>"; };
		96368A981946117D00E03E56 /* GeneralLayout-Prefix.pch */ = {isa = PBXFileReference; lastKnownFileType = sourcecode.c.h; path = "GeneralLayout-Prefix.pch"; sourceTree = "<group>"; };
		96368A991946117D00E03E56 /* SHAppDelegate.h */ = {isa = PBXFileReference; lastKnownFileType = sourcecode.c.h; path = SHAppDelegate.h; sourceTree = "<group>"; };
		96368A9A1946117D00E03E56 /* SHAppDelegate.m */ = {isa = PBXFileReference; lastKnownFileType = sourcecode.c.objc; path = SHAppDelegate.m; sourceTree = "<group>"; };
		96368A9C1946117D00E03E56 /* Images.xcassets */ = {isa = PBXFileReference; lastKnownFileType = folder.assetcatalog; path = Images.xcassets; sourceTree = "<group>"; };
		96368AA21946117D00E03E56 /* GeneralLayoutTests.xctest */ = {isa = PBXFileReference; explicitFileType = wrapper.cfbundle; includeInIndex = 0; path = GeneralLayoutTests.xctest; sourceTree = BUILT_PRODUCTS_DIR; };
		96368AA31946117D00E03E56 /* XCTest.framework */ = {isa = PBXFileReference; lastKnownFileType = wrapper.framework; name = XCTest.framework; path = Library/Frameworks/XCTest.framework; sourceTree = DEVELOPER_DIR; };
		96368AAB1946117D00E03E56 /* GeneralLayoutTests-Info.plist */ = {isa = PBXFileReference; lastKnownFileType = text.plist.xml; path = "GeneralLayoutTests-Info.plist"; sourceTree = "<group>"; };
		96368AAD1946117D00E03E56 /* en */ = {isa = PBXFileReference; lastKnownFileType = text.plist.strings; name = en; path = en.lproj/InfoPlist.strings; sourceTree = "<group>"; };
		96368AAF1946117D00E03E56 /* GeneralLayoutTests.m */ = {isa = PBXFileReference; lastKnownFileType = sourcecode.c.objc; path = GeneralLayoutTests.m; sourceTree = "<group>"; };
		96368AB91946119100E03E56 /* SHGeneralViewController.h */ = {isa = PBXFileReference; fileEncoding = 4; lastKnownFileType = sourcecode.c.h; name = SHGeneralViewController.h; path = ../SHGeneralViewController.h; sourceTree = "<group>"; };
		96368ABA1946119100E03E56 /* SHGeneralViewController.m */ = {isa = PBXFileReference; fileEncoding = 4; lastKnownFileType = sourcecode.c.objc; name = SHGeneralViewController.m; path = ../SHGeneralViewController.m; sourceTree = "<group>"; };
		96368ABC194611BD00E03E56 /* Podfile */ = {isa = PBXFileReference; fileEncoding = 4; lastKnownFileType = text; path = Podfile; sourceTree = "<group>"; };
		96A295821946247A00814968 /* SHSegmentedViewController.h */ = {isa = PBXFileReference; fileEncoding = 4; lastKnownFileType = sourcecode.c.h; path = SHSegmentedViewController.h; sourceTree = "<group>"; };
		96A295831946247A00814968 /* SHSegmentedViewController.m */ = {isa = PBXFileReference; fileEncoding = 4; lastKnownFileType = sourcecode.c.objc; path = SHSegmentedViewController.m; sourceTree = "<group>"; };
		9D000B7CC1F449A5823A216F /* Pods.xcconfig */ = {isa = PBXFileReference; includeInIndex = 1; lastKnownFileType = text.xcconfig; name = Pods.xcconfig; path = Pods/Pods.xcconfig; sourceTree = "<group>"; };
		EE359B2746164E06A5D918C0 /* libPods.a */ = {isa = PBXFileReference; explicitFileType = archive.ar; includeInIndex = 0; path = libPods.a; sourceTree = BUILT_PRODUCTS_DIR; };
/* End PBXFileReference section */

/* Begin PBXFrameworksBuildPhase section */
		96368A841946117D00E03E56 /* Frameworks */ = {
			isa = PBXFrameworksBuildPhase;
			buildActionMask = 2147483647;
			files = (
				96368A8D1946117D00E03E56 /* CoreGraphics.framework in Frameworks */,
				96368A8F1946117D00E03E56 /* UIKit.framework in Frameworks */,
				96368A8B1946117D00E03E56 /* Foundation.framework in Frameworks */,
				E15939A5C85E49E48083DB86 /* libPods.a in Frameworks */,
			);
			runOnlyForDeploymentPostprocessing = 0;
		};
		96368A9F1946117D00E03E56 /* Frameworks */ = {
			isa = PBXFrameworksBuildPhase;
			buildActionMask = 2147483647;
			files = (
				96368AA41946117D00E03E56 /* XCTest.framework in Frameworks */,
				96368AA61946117D00E03E56 /* UIKit.framework in Frameworks */,
				96368AA51946117D00E03E56 /* Foundation.framework in Frameworks */,
			);
			runOnlyForDeploymentPostprocessing = 0;
		};
/* End PBXFrameworksBuildPhase section */

/* Begin PBXGroup section */
		96368A7E1946117D00E03E56 = {
			isa = PBXGroup;
			children = (
				96368ABC194611BD00E03E56 /* Podfile */,
				96368A901946117D00E03E56 /* GeneralLayout */,
				96368AA91946117D00E03E56 /* GeneralLayoutTests */,
				96368A891946117D00E03E56 /* Frameworks */,
				96368A881946117D00E03E56 /* Products */,
				9D000B7CC1F449A5823A216F /* Pods.xcconfig */,
			);
			sourceTree = "<group>";
		};
		96368A881946117D00E03E56 /* Products */ = {
			isa = PBXGroup;
			children = (
				96368A871946117D00E03E56 /* GeneralLayout.app */,
				96368AA21946117D00E03E56 /* GeneralLayoutTests.xctest */,
			);
			name = Products;
			sourceTree = "<group>";
		};
		96368A891946117D00E03E56 /* Frameworks */ = {
			isa = PBXGroup;
			children = (
				96368A8A1946117D00E03E56 /* Foundation.framework */,
				96368A8C1946117D00E03E56 /* CoreGraphics.framework */,
				96368A8E1946117D00E03E56 /* UIKit.framework */,
				96368AA31946117D00E03E56 /* XCTest.framework */,
				EE359B2746164E06A5D918C0 /* libPods.a */,
			);
			name = Frameworks;
			sourceTree = "<group>";
		};
		96368A901946117D00E03E56 /* GeneralLayout */ = {
			isa = PBXGroup;
			children = (
				96368A991946117D00E03E56 /* SHAppDelegate.h */,
				96368A9A1946117D00E03E56 /* SHAppDelegate.m */,
				96368AB91946119100E03E56 /* SHGeneralViewController.h */,
				96368ABA1946119100E03E56 /* SHGeneralViewController.m */,
				96A295821946247A00814968 /* SHSegmentedViewController.h */,
				96A295831946247A00814968 /* SHSegmentedViewController.m */,
				96368A9C1946117D00E03E56 /* Images.xcassets */,
				96368A911946117D00E03E56 /* Supporting Files */,
			);
			path = GeneralLayout;
			sourceTree = "<group>";
		};
		96368A911946117D00E03E56 /* Supporting Files */ = {
			isa = PBXGroup;
			children = (
				96368A921946117D00E03E56 /* GeneralLayout-Info.plist */,
				96368A931946117D00E03E56 /* InfoPlist.strings */,
				96368A961946117D00E03E56 /* main.m */,
				96368A981946117D00E03E56 /* GeneralLayout-Prefix.pch */,
			);
			name = "Supporting Files";
			sourceTree = "<group>";
		};
		96368AA91946117D00E03E56 /* GeneralLayoutTests */ = {
			isa = PBXGroup;
			children = (
				96368AAF1946117D00E03E56 /* GeneralLayoutTests.m */,
				96368AAA1946117D00E03E56 /* Supporting Files */,
			);
			path = GeneralLayoutTests;
			sourceTree = "<group>";
		};
		96368AAA1946117D00E03E56 /* Supporting Files */ = {
			isa = PBXGroup;
			children = (
				96368AAB1946117D00E03E56 /* GeneralLayoutTests-Info.plist */,
				96368AAC1946117D00E03E56 /* InfoPlist.strings */,
			);
			name = "Supporting Files";
			sourceTree = "<group>";
		};
/* End PBXGroup section */

/* Begin PBXNativeTarget section */
		96368A861946117D00E03E56 /* GeneralLayout */ = {
			isa = PBXNativeTarget;
			buildConfigurationList = 96368AB31946117D00E03E56 /* Build configuration list for PBXNativeTarget "GeneralLayout" */;
			buildPhases = (
				8DB652845EB241CF9138BA71 /* Check Pods Manifest.lock */,
				96368A831946117D00E03E56 /* Sources */,
				96368A841946117D00E03E56 /* Frameworks */,
				96368A851946117D00E03E56 /* Resources */,
				633EBA1D072F4F2DA3B4799B /* Copy Pods Resources */,
			);
			buildRules = (
			);
			dependencies = (
			);
			name = GeneralLayout;
			productName = GeneralLayout;
			productReference = 96368A871946117D00E03E56 /* GeneralLayout.app */;
			productType = "com.apple.product-type.application";
		};
		96368AA11946117D00E03E56 /* GeneralLayoutTests */ = {
			isa = PBXNativeTarget;
			buildConfigurationList = 96368AB61946117D00E03E56 /* Build configuration list for PBXNativeTarget "GeneralLayoutTests" */;
			buildPhases = (
				96368A9E1946117D00E03E56 /* Sources */,
				96368A9F1946117D00E03E56 /* Frameworks */,
				96368AA01946117D00E03E56 /* Resources */,
			);
			buildRules = (
			);
			dependencies = (
				96368AA81946117D00E03E56 /* PBXTargetDependency */,
			);
			name = GeneralLayoutTests;
			productName = GeneralLayoutTests;
			productReference = 96368AA21946117D00E03E56 /* GeneralLayoutTests.xctest */;
			productType = "com.apple.product-type.bundle.unit-test";
		};
/* End PBXNativeTarget section */

/* Begin PBXProject section */
		96368A7F1946117D00E03E56 /* Project object */ = {
			isa = PBXProject;
			attributes = {
				CLASSPREFIX = SH;
				LastUpgradeCheck = 0510;
				ORGANIZATIONNAME = StudyHuddle;
				TargetAttributes = {
					96368AA11946117D00E03E56 = {
						TestTargetID = 96368A861946117D00E03E56;
					};
				};
			};
			buildConfigurationList = 96368A821946117D00E03E56 /* Build configuration list for PBXProject "GeneralLayout" */;
			compatibilityVersion = "Xcode 3.2";
			developmentRegion = English;
			hasScannedForEncodings = 0;
			knownRegions = (
				en,
			);
			mainGroup = 96368A7E1946117D00E03E56;
			productRefGroup = 96368A881946117D00E03E56 /* Products */;
			projectDirPath = "";
			projectRoot = "";
			targets = (
				96368A861946117D00E03E56 /* GeneralLayout */,
				96368AA11946117D00E03E56 /* GeneralLayoutTests */,
			);
		};
/* End PBXProject section */

/* Begin PBXResourcesBuildPhase section */
		96368A851946117D00E03E56 /* Resources */ = {
			isa = PBXResourcesBuildPhase;
			buildActionMask = 2147483647;
			files = (
				96368ABD194611BD00E03E56 /* Podfile in Resources */,
				96368A951946117D00E03E56 /* InfoPlist.strings in Resources */,
				96368A9D1946117D00E03E56 /* Images.xcassets in Resources */,
			);
			runOnlyForDeploymentPostprocessing = 0;
		};
		96368AA01946117D00E03E56 /* Resources */ = {
			isa = PBXResourcesBuildPhase;
			buildActionMask = 2147483647;
			files = (
				96368AAE1946117D00E03E56 /* InfoPlist.strings in Resources */,
			);
			runOnlyForDeploymentPostprocessing = 0;
		};
/* End PBXResourcesBuildPhase section */

/* Begin PBXShellScriptBuildPhase section */
		633EBA1D072F4F2DA3B4799B /* Copy Pods Resources */ = {
			isa = PBXShellScriptBuildPhase;
			buildActionMask = 2147483647;
			files = (
			);
			inputPaths = (
			);
			name = "Copy Pods Resources";
			outputPaths = (
			);
			runOnlyForDeploymentPostprocessing = 0;
			shellPath = /bin/sh;
			shellScript = "\"${SRCROOT}/Pods/Pods-resources.sh\"\n";
			showEnvVarsInLog = 0;
		};
		8DB652845EB241CF9138BA71 /* Check Pods Manifest.lock */ = {
			isa = PBXShellScriptBuildPhase;
			buildActionMask = 2147483647;
			files = (
			);
			inputPaths = (
			);
			name = "Check Pods Manifest.lock";
			outputPaths = (
			);
			runOnlyForDeploymentPostprocessing = 0;
			shellPath = /bin/sh;
			shellScript = "diff \"${PODS_ROOT}/../Podfile.lock\" \"${PODS_ROOT}/Manifest.lock\" > /dev/null\nif [[ $? != 0 ]] ; then\n    cat << EOM\nerror: The sandbox is not in sync with the Podfile.lock. Run 'pod install' or update your CocoaPods installation.\nEOM\n    exit 1\nfi\n";
			showEnvVarsInLog = 0;
		};
/* End PBXShellScriptBuildPhase section */

/* Begin PBXSourcesBuildPhase section */
		96368A831946117D00E03E56 /* Sources */ = {
			isa = PBXSourcesBuildPhase;
			buildActionMask = 2147483647;
			files = (
				96A295841946247A00814968 /* SHSegmentedViewController.m in Sources */,
				96368ABB1946119100E03E56 /* SHGeneralViewController.m in Sources */,
				96368A971946117D00E03E56 /* main.m in Sources */,
				96368A9B1946117D00E03E56 /* SHAppDelegate.m in Sources */,
			);
			runOnlyForDeploymentPostprocessing = 0;
		};
		96368A9E1946117D00E03E56 /* Sources */ = {
			isa = PBXSourcesBuildPhase;
			buildActionMask = 2147483647;
			files = (
				96368AB01946117D00E03E56 /* GeneralLayoutTests.m in Sources */,
			);
			runOnlyForDeploymentPostprocessing = 0;
		};
/* End PBXSourcesBuildPhase section */

/* Begin PBXTargetDependency section */
		96368AA81946117D00E03E56 /* PBXTargetDependency */ = {
			isa = PBXTargetDependency;
			target = 96368A861946117D00E03E56 /* GeneralLayout */;
			targetProxy = 96368AA71946117D00E03E56 /* PBXContainerItemProxy */;
		};
/* End PBXTargetDependency section */

/* Begin PBXVariantGroup section */
		96368A931946117D00E03E56 /* InfoPlist.strings */ = {
			isa = PBXVariantGroup;
			children = (
				96368A941946117D00E03E56 /* en */,
			);
			name = InfoPlist.strings;
			sourceTree = "<group>";
		};
		96368AAC1946117D00E03E56 /* InfoPlist.strings */ = {
			isa = PBXVariantGroup;
			children = (
				96368AAD1946117D00E03E56 /* en */,
			);
			name = InfoPlist.strings;
			sourceTree = "<group>";
		};
/* End PBXVariantGroup section */

/* Begin XCBuildConfiguration section */
		96368AB11946117D00E03E56 /* Debug */ = {
			isa = XCBuildConfiguration;
			buildSettings = {
				ALWAYS_SEARCH_USER_PATHS = NO;
				CLANG_CXX_LANGUAGE_STANDARD = "gnu++0x";
				CLANG_CXX_LIBRARY = "libc++";
				CLANG_ENABLE_MODULES = YES;
				CLANG_ENABLE_OBJC_ARC = YES;
				CLANG_WARN_BOOL_CONVERSION = YES;
				CLANG_WARN_CONSTANT_CONVERSION = YES;
				CLANG_WARN_DIRECT_OBJC_ISA_USAGE = YES_ERROR;
				CLANG_WARN_EMPTY_BODY = YES;
				CLANG_WARN_ENUM_CONVERSION = YES;
				CLANG_WARN_INT_CONVERSION = YES;
				CLANG_WARN_OBJC_ROOT_CLASS = YES_ERROR;
				CLANG_WARN__DUPLICATE_METHOD_MATCH = YES;
				"CODE_SIGN_IDENTITY[sdk=iphoneos*]" = "iPhone Developer";
				COPY_PHASE_STRIP = NO;
				GCC_C_LANGUAGE_STANDARD = gnu99;
				GCC_DYNAMIC_NO_PIC = NO;
				GCC_OPTIMIZATION_LEVEL = 0;
				GCC_PREPROCESSOR_DEFINITIONS = (
					"DEBUG=1",
					"$(inherited)",
				);
				GCC_SYMBOLS_PRIVATE_EXTERN = NO;
				GCC_WARN_64_TO_32_BIT_CONVERSION = YES;
				GCC_WARN_ABOUT_RETURN_TYPE = YES_ERROR;
				GCC_WARN_UNDECLARED_SELECTOR = YES;
				GCC_WARN_UNINITIALIZED_AUTOS = YES_AGGRESSIVE;
				GCC_WARN_UNUSED_FUNCTION = YES;
				GCC_WARN_UNUSED_VARIABLE = YES;
				IPHONEOS_DEPLOYMENT_TARGET = 7.1;
				ONLY_ACTIVE_ARCH = YES;
				SDKROOT = iphoneos;
			};
			name = Debug;
		};
		96368AB21946117D00E03E56 /* Release */ = {
			isa = XCBuildConfiguration;
			buildSettings = {
				ALWAYS_SEARCH_USER_PATHS = NO;
				CLANG_CXX_LANGUAGE_STANDARD = "gnu++0x";
				CLANG_CXX_LIBRARY = "libc++";
				CLANG_ENABLE_MODULES = YES;
				CLANG_ENABLE_OBJC_ARC = YES;
				CLANG_WARN_BOOL_CONVERSION = YES;
				CLANG_WARN_CONSTANT_CONVERSION = YES;
				CLANG_WARN_DIRECT_OBJC_ISA_USAGE = YES_ERROR;
				CLANG_WARN_EMPTY_BODY = YES;
				CLANG_WARN_ENUM_CONVERSION = YES;
				CLANG_WARN_INT_CONVERSION = YES;
				CLANG_WARN_OBJC_ROOT_CLASS = YES_ERROR;
				CLANG_WARN__DUPLICATE_METHOD_MATCH = YES;
				"CODE_SIGN_IDENTITY[sdk=iphoneos*]" = "iPhone Developer";
				COPY_PHASE_STRIP = YES;
				ENABLE_NS_ASSERTIONS = NO;
				GCC_C_LANGUAGE_STANDARD = gnu99;
				GCC_WARN_64_TO_32_BIT_CONVERSION = YES;
				GCC_WARN_ABOUT_RETURN_TYPE = YES_ERROR;
				GCC_WARN_UNDECLARED_SELECTOR = YES;
				GCC_WARN_UNINITIALIZED_AUTOS = YES_AGGRESSIVE;
				GCC_WARN_UNUSED_FUNCTION = YES;
				GCC_WARN_UNUSED_VARIABLE = YES;
				IPHONEOS_DEPLOYMENT_TARGET = 7.1;
				SDKROOT = iphoneos;
				VALIDATE_PRODUCT = YES;
			};
			name = Release;
		};
		96368AB41946117D00E03E56 /* Debug */ = {
			isa = XCBuildConfiguration;
			baseConfigurationReference = 9D000B7CC1F449A5823A216F /* Pods.xcconfig */;
			buildSettings = {
				ASSETCATALOG_COMPILER_APPICON_NAME = AppIcon;
				ASSETCATALOG_COMPILER_LAUNCHIMAGE_NAME = LaunchImage;
				GCC_PRECOMPILE_PREFIX_HEADER = YES;
				GCC_PREFIX_HEADER = "GeneralLayout/GeneralLayout-Prefix.pch";
				INFOPLIST_FILE = "GeneralLayout/GeneralLayout-Info.plist";
				PRODUCT_NAME = "$(TARGET_NAME)";
				WRAPPER_EXTENSION = app;
			};
			name = Debug;
		};
		96368AB51946117D00E03E56 /* Release */ = {
			isa = XCBuildConfiguration;
			baseConfigurationReference = 9D000B7CC1F449A5823A216F /* Pods.xcconfig */;
			buildSettings = {
				ASSETCATALOG_COMPILER_APPICON_NAME = AppIcon;
				ASSETCATALOG_COMPILER_LAUNCHIMAGE_NAME = LaunchImage;
				GCC_PRECOMPILE_PREFIX_HEADER = YES;
				GCC_PREFIX_HEADER = "GeneralLayout/GeneralLayout-Prefix.pch";
				INFOPLIST_FILE = "GeneralLayout/GeneralLayout-Info.plist";
				PRODUCT_NAME = "$(TARGET_NAME)";
				WRAPPER_EXTENSION = app;
			};
			name = Release;
		};
		96368AB71946117D00E03E56 /* Debug */ = {
			isa = XCBuildConfiguration;
			buildSettings = {
				BUNDLE_LOADER = "$(BUILT_PRODUCTS_DIR)/GeneralLayout.app/GeneralLayout";
				FRAMEWORK_SEARCH_PATHS = (
					"$(SDKROOT)/Developer/Library/Frameworks",
					"$(inherited)",
					"$(DEVELOPER_FRAMEWORKS_DIR)",
				);
				GCC_PRECOMPILE_PREFIX_HEADER = YES;
				GCC_PREFIX_HEADER = "GeneralLayout/GeneralLayout-Prefix.pch";
				GCC_PREPROCESSOR_DEFINITIONS = (
					"DEBUG=1",
					"$(inherited)",
				);
				INFOPLIST_FILE = "GeneralLayoutTests/GeneralLayoutTests-Info.plist";
				PRODUCT_NAME = "$(TARGET_NAME)";
				TEST_HOST = "$(BUNDLE_LOADER)";
				WRAPPER_EXTENSION = xctest;
			};
			name = Debug;
		};
		96368AB81946117D00E03E56 /* Release */ = {
			isa = XCBuildConfiguration;
			buildSettings = {
				BUNDLE_LOADER = "$(BUILT_PRODUCTS_DIR)/GeneralLayout.app/GeneralLayout";
				FRAMEWORK_SEARCH_PATHS = (
					"$(SDKROOT)/Developer/Library/Frameworks",
					"$(inherited)",
					"$(DEVELOPER_FRAMEWORKS_DIR)",
				);
				GCC_PRECOMPILE_PREFIX_HEADER = YES;
				GCC_PREFIX_HEADER = "GeneralLayout/GeneralLayout-Prefix.pch";
				INFOPLIST_FILE = "GeneralLayoutTests/GeneralLayoutTests-Info.plist";
				PRODUCT_NAME = "$(TARGET_NAME)";
				TEST_HOST = "$(BUNDLE_LOADER)";
				WRAPPER_EXTENSION = xctest;
			};
			name = Release;
		};
/* End XCBuildConfiguration section */

/* Begin XCConfigurationList section */
		96368A821946117D00E03E56 /* Build configuration list for PBXProject "GeneralLayout" */ = {
			isa = XCConfigurationList;
			buildConfigurations = (
				96368AB11946117D00E03E56 /* Debug */,
				96368AB21946117D00E03E56 /* Release */,
			);
			defaultConfigurationIsVisible = 0;
			defaultConfigurationName = Release;
		};
		96368AB31946117D00E03E56 /* Build configuration list for PBXNativeTarget "GeneralLayout" */ = {
			isa = XCConfigurationList;
			buildConfigurations = (
				96368AB41946117D00E03E56 /* Debug */,
				96368AB51946117D00E03E56 /* Release */,
			);
			defaultConfigurationIsVisible = 0;
			defaultConfigurationName = Release;
		};
		96368AB61946117D00E03E56 /* Build configuration list for PBXNativeTarget "GeneralLayoutTests" */ = {
			isa = XCConfigurationList;
			buildConfigurations = (
				96368AB71946117D00E03E56 /* Debug */,
				96368AB81946117D00E03E56 /* Release */,
			);
			defaultConfigurationIsVisible = 0;
			defaultConfigurationName = Release;
		};
/* End XCConfigurationList section */
	};
	rootObject = 96368A7F1946117D00E03E56 /* Project object */;
}
